// !$*UTF8*$!
{
	archiveVersion = 1;
	classes = {
	};
	objectVersion = 45;
	objects = {

/* Begin PBXBuildFile section */
		1D3623260D0F684500981E51 /* BlogBridgeAppDelegate.m in Sources */ = {isa = PBXBuildFile; fileRef = 1D3623250D0F684500981E51 /* BlogBridgeAppDelegate.m */; };
		1D60589B0D05DD56006BFB54 /* main.m in Sources */ = {isa = PBXBuildFile; fileRef = 29B97316FDCFA39411CA2CEA /* main.m */; };
		1D60589F0D05DD5A006BFB54 /* Foundation.framework in Frameworks */ = {isa = PBXBuildFile; fileRef = 1D30AB110D05D00D00671497 /* Foundation.framework */; };
		1DF5F4E00D08C38300B7A737 /* UIKit.framework in Frameworks */ = {isa = PBXBuildFile; fileRef = 1DF5F4DF0D08C38300B7A737 /* UIKit.framework */; };
		28860BE50F44EE6400985440 /* CoreData.framework in Frameworks */ = {isa = PBXBuildFile; fileRef = 28860BE40F44EE6400985440 /* CoreData.framework */; };
		2892E4100DC94CBA00A64D0F /* CoreGraphics.framework in Frameworks */ = {isa = PBXBuildFile; fileRef = 2892E40F0DC94CBA00A64D0F /* CoreGraphics.framework */; };
		28AD73600D9D9599002E5188 /* MainWindow.xib in Resources */ = {isa = PBXBuildFile; fileRef = 28AD735F0D9D9599002E5188 /* MainWindow.xib */; };
		28C286E10D94DF7D0034E888 /* GuideViewController.m in Sources */ = {isa = PBXBuildFile; fileRef = 28C286E00D94DF7D0034E888 /* GuideViewController.m */; };
		790923FE102FF42C00ECDD50 /* AbstractParser.m in Sources */ = {isa = PBXBuildFile; fileRef = 790923FD102FF42C00ECDD50 /* AbstractParser.m */; };
		790923FF102FF42C00ECDD50 /* AbstractParser.m in Sources */ = {isa = PBXBuildFile; fileRef = 790923FD102FF42C00ECDD50 /* AbstractParser.m */; };
		79092404102FFC0000ECDD50 /* RSSFeedParserTests.m in Sources */ = {isa = PBXBuildFile; fileRef = 79092403102FFC0000ECDD50 /* RSSFeedParserTests.m */; };
		79092406102FFC8B00ECDD50 /* rss-0.91.xml in Resources */ = {isa = PBXBuildFile; fileRef = 79092405102FFC8B00ECDD50 /* rss-0.91.xml */; };
		79092409102FFD6400ECDD50 /* RSSFeedParser.m in Sources */ = {isa = PBXBuildFile; fileRef = 7953DB5B102C724D00E87B72 /* RSSFeedParser.m */; };
		7909240A102FFD6500ECDD50 /* RSSItem.m in Sources */ = {isa = PBXBuildFile; fileRef = 7953DB58102C71AF00E87B72 /* RSSItem.m */; };
		79092426102FFEB000ECDD50 /* RSS091Parser.m in Sources */ = {isa = PBXBuildFile; fileRef = 79092425102FFEB000ECDD50 /* RSS091Parser.m */; };
		79092427102FFEC300ECDD50 /* RSS091Parser.m in Sources */ = {isa = PBXBuildFile; fileRef = 79092425102FFEB000ECDD50 /* RSS091Parser.m */; };
		7909247C103000C700ECDD50 /* RSS10Parser.m in Sources */ = {isa = PBXBuildFile; fileRef = 7909247B103000C700ECDD50 /* RSS10Parser.m */; };
		7909247D103000C700ECDD50 /* RSS10Parser.m in Sources */ = {isa = PBXBuildFile; fileRef = 7909247B103000C700ECDD50 /* RSS10Parser.m */; };
		790924841030012800ECDD50 /* Atom10Parser.m in Sources */ = {isa = PBXBuildFile; fileRef = 790924831030012800ECDD50 /* Atom10Parser.m */; };
		790924851030012800ECDD50 /* Atom10Parser.m in Sources */ = {isa = PBXBuildFile; fileRef = 790924831030012800ECDD50 /* Atom10Parser.m */; };
		790924A4103001DE00ECDD50 /* Atom03Parser.m in Sources */ = {isa = PBXBuildFile; fileRef = 790924A3103001DE00ECDD50 /* Atom03Parser.m */; };
		790924A5103001DE00ECDD50 /* Atom03Parser.m in Sources */ = {isa = PBXBuildFile; fileRef = 790924A3103001DE00ECDD50 /* Atom03Parser.m */; };
		790924A81030020400ECDD50 /* RSS20Parser.m in Sources */ = {isa = PBXBuildFile; fileRef = 790924A71030020400ECDD50 /* RSS20Parser.m */; };
		790924A91030020400ECDD50 /* RSS20Parser.m in Sources */ = {isa = PBXBuildFile; fileRef = 790924A71030020400ECDD50 /* RSS20Parser.m */; };
		790924F410300B2800ECDD50 /* AbstractParserTests.m in Sources */ = {isa = PBXBuildFile; fileRef = 790924F310300B2800ECDD50 /* AbstractParserTests.m */; };
		790925B010302E6300ECDD50 /* rss-0.92.xml in Resources */ = {isa = PBXBuildFile; fileRef = 790925AF10302E6300ECDD50 /* rss-0.92.xml */; };
		790925BB10302F1C00ECDD50 /* rss-1.0.xml in Resources */ = {isa = PBXBuildFile; fileRef = 790925BA10302F1C00ECDD50 /* rss-1.0.xml */; };
		790925E71030351100ECDD50 /* rss-2.0-1.xml in Resources */ = {isa = PBXBuildFile; fileRef = 790925E61030351100ECDD50 /* rss-2.0-1.xml */; };
		7909261A1030379900ECDD50 /* rss-2.0-2.xml in Resources */ = {isa = PBXBuildFile; fileRef = 790926191030379900ECDD50 /* rss-2.0-2.xml */; };
		7909262110303AB100ECDD50 /* atom-0.3.xml in Resources */ = {isa = PBXBuildFile; fileRef = 7909262010303AB100ECDD50 /* atom-0.3.xml */; };
		7909262910303C4800ECDD50 /* atom-1.0.xml in Resources */ = {isa = PBXBuildFile; fileRef = 7909262810303C4800ECDD50 /* atom-1.0.xml */; };
		790926501030413E00ECDD50 /* RSSItemTests.m in Sources */ = {isa = PBXBuildFile; fileRef = 7909264F1030413E00ECDD50 /* RSSItemTests.m */; };
		7909273510305AA800ECDD50 /* RSSUpdater.m in Sources */ = {isa = PBXBuildFile; fileRef = 7909273410305AA800ECDD50 /* RSSUpdater.m */; };
		7909273610305AA800ECDD50 /* RSSUpdater.m in Sources */ = {isa = PBXBuildFile; fileRef = 7909273410305AA800ECDD50 /* RSSUpdater.m */; };
		790927C210307B7700ECDD50 /* BlogBridge.xcdatamodeld in Sources */ = {isa = PBXBuildFile; fileRef = 790927C110307B7700ECDD50 /* BlogBridge.xcdatamodeld */; };
		790927C810307BEA00ECDD50 /* BlogBridge1-2.xcmappingmodel in Sources */ = {isa = PBXBuildFile; fileRef = 790927C710307BEA00ECDD50 /* BlogBridge1-2.xcmappingmodel */; };
		7909291F10317CBA00ECDD50 /* ArticleTests.m in Sources */ = {isa = PBXBuildFile; fileRef = 7909291D10317CBA00ECDD50 /* ArticleTests.m */; };
		7909292110317D1A00ECDD50 /* Article.m in Sources */ = {isa = PBXBuildFile; fileRef = 79C0E31D1029911C00A3D584 /* Article.m */; };
		79092B5B1031BE0D00ECDD50 /* BlogBridge2-3.xcmappingmodel in Sources */ = {isa = PBXBuildFile; fileRef = 79092B5A1031BE0D00ECDD50 /* BlogBridge2-3.xcmappingmodel */; };
		79092B5C1031BE0D00ECDD50 /* BlogBridge2-3.xcmappingmodel in Sources */ = {isa = PBXBuildFile; fileRef = 79092B5A1031BE0D00ECDD50 /* BlogBridge2-3.xcmappingmodel */; };
		790D4BDC102AEABF0091EA1B /* Default.png in Resources */ = {isa = PBXBuildFile; fileRef = 790D4BDB102AEABF0091EA1B /* Default.png */; };
		7914E722102ACF5300D559D9 /* OPMLGuide.m in Sources */ = {isa = PBXBuildFile; fileRef = 7914E721102ACF5300D559D9 /* OPMLGuide.m */; };
		7914E725102AD0C700D559D9 /* OPMLFeed.m in Sources */ = {isa = PBXBuildFile; fileRef = 7914E724102AD0C700D559D9 /* OPMLFeed.m */; };
		7914E72E102AD23500D559D9 /* OPMLParser.m in Sources */ = {isa = PBXBuildFile; fileRef = 7914E72D102AD23500D559D9 /* OPMLParser.m */; };
		7953D8C7102C330F00E87B72 /* OPMLUpdater.m in Sources */ = {isa = PBXBuildFile; fileRef = 7953D8C6102C330F00E87B72 /* OPMLUpdater.m */; };
		7953D918102C371000E87B72 /* OPMLUpdaterTests.m in Sources */ = {isa = PBXBuildFile; fileRef = 7953D917102C371000E87B72 /* OPMLUpdaterTests.m */; };
		7953D919102C38BC00E87B72 /* OPMLUpdater.m in Sources */ = {isa = PBXBuildFile; fileRef = 7953D8C6102C330F00E87B72 /* OPMLUpdater.m */; };
		7953D996102C3F8800E87B72 /* CoreData.framework in Frameworks */ = {isa = PBXBuildFile; fileRef = 28860BE40F44EE6400985440 /* CoreData.framework */; };
		7953D997102C3F8A00E87B72 /* Foundation.framework in Frameworks */ = {isa = PBXBuildFile; fileRef = 1D30AB110D05D00D00671497 /* Foundation.framework */; };
		7953D998102C3F8B00E87B72 /* UIKit.framework in Frameworks */ = {isa = PBXBuildFile; fileRef = 1DF5F4DF0D08C38300B7A737 /* UIKit.framework */; };
		7953D999102C3F8C00E87B72 /* CoreGraphics.framework in Frameworks */ = {isa = PBXBuildFile; fileRef = 2892E40F0DC94CBA00A64D0F /* CoreGraphics.framework */; };
		7953D9ED102C432000E87B72 /* LogicTests-Info.plist in Resources */ = {isa = PBXBuildFile; fileRef = 79FDB8F0102AFF5400AF94A2 /* LogicTests-Info.plist */; };
		7953DA07102C440500E87B72 /* MainWindow.xib in Resources */ = {isa = PBXBuildFile; fileRef = 28AD735F0D9D9599002E5188 /* MainWindow.xib */; };
		7953DA5D102C587300E87B72 /* Guide.m in Sources */ = {isa = PBXBuildFile; fileRef = 79C0E28E1029733C00A3D584 /* Guide.m */; };
		7953DB59102C71AF00E87B72 /* RSSItem.m in Sources */ = {isa = PBXBuildFile; fileRef = 7953DB58102C71AF00E87B72 /* RSSItem.m */; };
		7953DB5C102C724D00E87B72 /* RSSFeedParser.m in Sources */ = {isa = PBXBuildFile; fileRef = 7953DB5B102C724D00E87B72 /* RSSFeedParser.m */; };
		79545ECC102D6E33001D5F29 /* Constants.m in Sources */ = {isa = PBXBuildFile; fileRef = 79545ECB102D6E33001D5F29 /* Constants.m */; };
		79545ECD102D6E33001D5F29 /* Constants.m in Sources */ = {isa = PBXBuildFile; fileRef = 79545ECB102D6E33001D5F29 /* Constants.m */; };
		7978AE161034104E00B2550B /* Icon.png in Resources */ = {isa = PBXBuildFile; fileRef = 7978AE151034104E00B2550B /* Icon.png */; };
		7978AE4D103413B600B2550B /* Reachability.m in Sources */ = {isa = PBXBuildFile; fileRef = 7978AE4C103413B600B2550B /* Reachability.m */; };
		7978AE9C103414B600B2550B /* SystemConfiguration.framework in Frameworks */ = {isa = PBXBuildFile; fileRef = 7978AE9B103414B600B2550B /* SystemConfiguration.framework */; };
		7978AEE710341CA000B2550B /* Reachability.m in Sources */ = {isa = PBXBuildFile; fileRef = 7978AE4C103413B600B2550B /* Reachability.m */; };
		7978AEE910341CAF00B2550B /* SystemConfiguration.framework in Frameworks */ = {isa = PBXBuildFile; fileRef = 7978AE9B103414B600B2550B /* SystemConfiguration.framework */; };
		7978AFBC1034369E00B2550B /* right.png in Resources */ = {isa = PBXBuildFile; fileRef = 7978AFBA1034369E00B2550B /* right.png */; };
		7978AFBD1034369E00B2550B /* left.png in Resources */ = {isa = PBXBuildFile; fileRef = 7978AFBB1034369E00B2550B /* left.png */; };
		79C0E27A1029718F00A3D584 /* images in Resources */ = {isa = PBXBuildFile; fileRef = 79C0E2761029718F00A3D584 /* images */; };
		79C0E28F1029733C00A3D584 /* Guide.m in Sources */ = {isa = PBXBuildFile; fileRef = 79C0E28E1029733C00A3D584 /* Guide.m */; };
		79C0E31E1029911C00A3D584 /* Article.m in Sources */ = {isa = PBXBuildFile; fileRef = 79C0E31D1029911C00A3D584 /* Article.m */; };
		79C0E3CD10299D1900A3D584 /* ArticleCell.m in Sources */ = {isa = PBXBuildFile; fileRef = 79C0E3CC10299D1900A3D584 /* ArticleCell.m */; };
		79C0E4AC1029A91200A3D584 /* BlogBridge.sqlite in Resources */ = {isa = PBXBuildFile; fileRef = 79C0E4AB1029A91200A3D584 /* BlogBridge.sqlite */; };
		79C0E4F91029ADD200A3D584 /* ArticleViewController.m in Sources */ = {isa = PBXBuildFile; fileRef = 79C0E4F71029ADD200A3D584 /* ArticleViewController.m */; };
		79C0E4FA1029ADD200A3D584 /* ArticleViewController.xib in Resources */ = {isa = PBXBuildFile; fileRef = 79C0E4F81029ADD200A3D584 /* ArticleViewController.xib */; };
		79C0E5591029C66C00A3D584 /* GuidesTabController.m in Sources */ = {isa = PBXBuildFile; fileRef = 79C0E5571029C66C00A3D584 /* GuidesTabController.m */; };
		79C722AA102AC8E900F863AA /* Settings.bundle in Resources */ = {isa = PBXBuildFile; fileRef = 79C722A9102AC8E900F863AA /* Settings.bundle */; };
		79CE5D84102C981600D3E652 /* Cleaner.m in Sources */ = {isa = PBXBuildFile; fileRef = 79CE5D83102C981600D3E652 /* Cleaner.m */; };
		79CE5D88102CBA5300D3E652 /* Cleaner.m in Sources */ = {isa = PBXBuildFile; fileRef = 79CE5D83102C981600D3E652 /* Cleaner.m */; };
		79DD627D10332EC800AC9EBD /* BBWebView.m in Sources */ = {isa = PBXBuildFile; fileRef = 79DD627C10332EC800AC9EBD /* BBWebView.m */; };
		79FDB8F6102AFF8300AF94A2 /* OPMLParserTests.m in Sources */ = {isa = PBXBuildFile; fileRef = 79FDB86D102AF5C400AF94A2 /* OPMLParserTests.m */; };
		79FDBA75102B12E800AF94A2 /* OPMLParser.m in Sources */ = {isa = PBXBuildFile; fileRef = 7914E72D102AD23500D559D9 /* OPMLParser.m */; };
		79FDBA77102B12FC00AF94A2 /* OPMLFeed.m in Sources */ = {isa = PBXBuildFile; fileRef = 7914E724102AD0C700D559D9 /* OPMLFeed.m */; };
		79FDBA79102B12FE00AF94A2 /* OPMLGuide.m in Sources */ = {isa = PBXBuildFile; fileRef = 7914E721102ACF5300D559D9 /* OPMLGuide.m */; };
		79FDBAF9102B235700AF94A2 /* sample.opml in Resources */ = {isa = PBXBuildFile; fileRef = 79FDBAF8102B235700AF94A2 /* sample.opml */; };
/* End PBXBuildFile section */

/* Begin PBXContainerItemProxy section */
		79FDBA49102B0E0B00AF94A2 /* PBXContainerItemProxy */ = {
			isa = PBXContainerItemProxy;
			containerPortal = 29B97313FDCFA39411CA2CEA /* Project object */;
			proxyType = 1;
			remoteGlobalIDString = 79FDB8EB102AFF5400AF94A2;
			remoteInfo = LogicTests;
		};
/* End PBXContainerItemProxy section */

/* Begin PBXFileReference section */
		1D30AB110D05D00D00671497 /* Foundation.framework */ = {isa = PBXFileReference; lastKnownFileType = wrapper.framework; name = Foundation.framework; path = System/Library/Frameworks/Foundation.framework; sourceTree = SDKROOT; };
		1D3623240D0F684500981E51 /* BlogBridgeAppDelegate.h */ = {isa = PBXFileReference; fileEncoding = 4; lastKnownFileType = sourcecode.c.h; path = BlogBridgeAppDelegate.h; sourceTree = "<group>"; };
		1D3623250D0F684500981E51 /* BlogBridgeAppDelegate.m */ = {isa = PBXFileReference; fileEncoding = 4; lastKnownFileType = sourcecode.c.objc; path = BlogBridgeAppDelegate.m; sourceTree = "<group>"; };
		1D6058910D05DD3D006BFB54 /* BlogBridge.app */ = {isa = PBXFileReference; explicitFileType = wrapper.application; includeInIndex = 0; path = BlogBridge.app; sourceTree = BUILT_PRODUCTS_DIR; };
		1DF5F4DF0D08C38300B7A737 /* UIKit.framework */ = {isa = PBXFileReference; lastKnownFileType = wrapper.framework; name = UIKit.framework; path = System/Library/Frameworks/UIKit.framework; sourceTree = SDKROOT; };
		28860BE40F44EE6400985440 /* CoreData.framework */ = {isa = PBXFileReference; lastKnownFileType = wrapper.framework; name = CoreData.framework; path = System/Library/Frameworks/CoreData.framework; sourceTree = SDKROOT; };
		2892E40F0DC94CBA00A64D0F /* CoreGraphics.framework */ = {isa = PBXFileReference; lastKnownFileType = wrapper.framework; name = CoreGraphics.framework; path = System/Library/Frameworks/CoreGraphics.framework; sourceTree = SDKROOT; };
		28A0AAE50D9B0CCF005BE974 /* BlogBridge_Prefix.pch */ = {isa = PBXFileReference; fileEncoding = 4; lastKnownFileType = sourcecode.c.h; path = BlogBridge_Prefix.pch; sourceTree = "<group>"; };
		28AD735F0D9D9599002E5188 /* MainWindow.xib */ = {isa = PBXFileReference; lastKnownFileType = file.xib; name = MainWindow.xib; path = Resources/MainWindow.xib; sourceTree = "<group>"; };
		28C286DF0D94DF7D0034E888 /* GuideViewController.h */ = {isa = PBXFileReference; fileEncoding = 4; lastKnownFileType = sourcecode.c.h; path = GuideViewController.h; sourceTree = "<group>"; };
		28C286E00D94DF7D0034E888 /* GuideViewController.m */ = {isa = PBXFileReference; fileEncoding = 4; lastKnownFileType = sourcecode.c.objc; path = GuideViewController.m; sourceTree = "<group>"; };
		29B97316FDCFA39411CA2CEA /* main.m */ = {isa = PBXFileReference; fileEncoding = 4; lastKnownFileType = sourcecode.c.objc; name = main.m; path = Classes/main.m; sourceTree = "<group>"; };
		790923FC102FF42C00ECDD50 /* AbstractParser.h */ = {isa = PBXFileReference; fileEncoding = 4; lastKnownFileType = sourcecode.c.h; path = AbstractParser.h; sourceTree = "<group>"; };
		790923FD102FF42C00ECDD50 /* AbstractParser.m */ = {isa = PBXFileReference; fileEncoding = 4; lastKnownFileType = sourcecode.c.objc; path = AbstractParser.m; sourceTree = "<group>"; };
		79092402102FFC0000ECDD50 /* RSSFeedParserTests.h */ = {isa = PBXFileReference; fileEncoding = 4; lastKnownFileType = sourcecode.c.h; path = RSSFeedParserTests.h; sourceTree = "<group>"; };
		79092403102FFC0000ECDD50 /* RSSFeedParserTests.m */ = {isa = PBXFileReference; fileEncoding = 4; lastKnownFileType = sourcecode.c.objc; path = RSSFeedParserTests.m; sourceTree = "<group>"; };
		79092405102FFC8B00ECDD50 /* rss-0.91.xml */ = {isa = PBXFileReference; fileEncoding = 4; lastKnownFileType = text.xml; path = "rss-0.91.xml"; sourceTree = "<group>"; };
		79092424102FFEB000ECDD50 /* RSS091Parser.h */ = {isa = PBXFileReference; fileEncoding = 4; lastKnownFileType = sourcecode.c.h; path = RSS091Parser.h; sourceTree = "<group>"; };
		79092425102FFEB000ECDD50 /* RSS091Parser.m */ = {isa = PBXFileReference; fileEncoding = 4; lastKnownFileType = sourcecode.c.objc; path = RSS091Parser.m; sourceTree = "<group>"; };
		7909247A103000C700ECDD50 /* RSS10Parser.h */ = {isa = PBXFileReference; fileEncoding = 4; lastKnownFileType = sourcecode.c.h; path = RSS10Parser.h; sourceTree = "<group>"; };
		7909247B103000C700ECDD50 /* RSS10Parser.m */ = {isa = PBXFileReference; fileEncoding = 4; lastKnownFileType = sourcecode.c.objc; path = RSS10Parser.m; sourceTree = "<group>"; };
		790924821030012800ECDD50 /* Atom10Parser.h */ = {isa = PBXFileReference; fileEncoding = 4; lastKnownFileType = sourcecode.c.h; path = Atom10Parser.h; sourceTree = "<group>"; };
		790924831030012800ECDD50 /* Atom10Parser.m */ = {isa = PBXFileReference; fileEncoding = 4; lastKnownFileType = sourcecode.c.objc; path = Atom10Parser.m; sourceTree = "<group>"; };
		790924A2103001DE00ECDD50 /* Atom03Parser.h */ = {isa = PBXFileReference; fileEncoding = 4; lastKnownFileType = sourcecode.c.h; path = Atom03Parser.h; sourceTree = "<group>"; };
		790924A3103001DE00ECDD50 /* Atom03Parser.m */ = {isa = PBXFileReference; fileEncoding = 4; lastKnownFileType = sourcecode.c.objc; path = Atom03Parser.m; sourceTree = "<group>"; };
		790924A61030020400ECDD50 /* RSS20Parser.h */ = {isa = PBXFileReference; fileEncoding = 4; lastKnownFileType = sourcecode.c.h; path = RSS20Parser.h; sourceTree = "<group>"; };
		790924A71030020400ECDD50 /* RSS20Parser.m */ = {isa = PBXFileReference; fileEncoding = 4; lastKnownFileType = sourcecode.c.objc; path = RSS20Parser.m; sourceTree = "<group>"; };
		790924F210300B2800ECDD50 /* AbstractParserTests.h */ = {isa = PBXFileReference; fileEncoding = 4; lastKnownFileType = sourcecode.c.h; path = AbstractParserTests.h; sourceTree = "<group>"; };
		790924F310300B2800ECDD50 /* AbstractParserTests.m */ = {isa = PBXFileReference; fileEncoding = 4; lastKnownFileType = sourcecode.c.objc; path = AbstractParserTests.m; sourceTree = "<group>"; };
		790925AF10302E6300ECDD50 /* rss-0.92.xml */ = {isa = PBXFileReference; fileEncoding = 4; lastKnownFileType = text.xml; path = "rss-0.92.xml"; sourceTree = "<group>"; };
		790925BA10302F1C00ECDD50 /* rss-1.0.xml */ = {isa = PBXFileReference; fileEncoding = 4; lastKnownFileType = text.xml; path = "rss-1.0.xml"; sourceTree = "<group>"; };
		790925E61030351100ECDD50 /* rss-2.0-1.xml */ = {isa = PBXFileReference; fileEncoding = 4; lastKnownFileType = text.xml; path = "rss-2.0-1.xml"; sourceTree = "<group>"; };
		790926191030379900ECDD50 /* rss-2.0-2.xml */ = {isa = PBXFileReference; fileEncoding = 4; lastKnownFileType = text.xml; path = "rss-2.0-2.xml"; sourceTree = "<group>"; };
		7909262010303AB100ECDD50 /* atom-0.3.xml */ = {isa = PBXFileReference; fileEncoding = 4; lastKnownFileType = text.xml; path = "atom-0.3.xml"; sourceTree = "<group>"; };
		7909262810303C4800ECDD50 /* atom-1.0.xml */ = {isa = PBXFileReference; fileEncoding = 4; lastKnownFileType = text.xml; path = "atom-1.0.xml"; sourceTree = "<group>"; };
		7909264E1030413E00ECDD50 /* RSSItemTests.h */ = {isa = PBXFileReference; fileEncoding = 4; lastKnownFileType = sourcecode.c.h; path = RSSItemTests.h; sourceTree = "<group>"; };
		7909264F1030413E00ECDD50 /* RSSItemTests.m */ = {isa = PBXFileReference; fileEncoding = 4; lastKnownFileType = sourcecode.c.objc; path = RSSItemTests.m; sourceTree = "<group>"; };
		7909273310305AA800ECDD50 /* RSSUpdater.h */ = {isa = PBXFileReference; fileEncoding = 4; lastKnownFileType = sourcecode.c.h; path = RSSUpdater.h; sourceTree = "<group>"; };
		7909273410305AA800ECDD50 /* RSSUpdater.m */ = {isa = PBXFileReference; fileEncoding = 4; lastKnownFileType = sourcecode.c.objc; path = RSSUpdater.m; sourceTree = "<group>"; };
		790927AF103078E700ECDD50 /* BlogBridge.xcdatamodel */ = {isa = PBXFileReference; fileEncoding = 4; lastKnownFileType = wrapper.xcdatamodel; path = BlogBridge.xcdatamodel; sourceTree = "<group>"; };
		790927C310307B7700ECDD50 /* BlogBridge 2.xcdatamodel */ = {isa = PBXFileReference; lastKnownFileType = wrapper.xcdatamodel; path = "BlogBridge 2.xcdatamodel"; sourceTree = "<group>"; };
		790927C710307BEA00ECDD50 /* BlogBridge1-2.xcmappingmodel */ = {isa = PBXFileReference; fileEncoding = 4; lastKnownFileType = wrapper.xcmappingmodel; name = "BlogBridge1-2.xcmappingmodel"; path = "Resources/BlogBridge1-2.xcmappingmodel"; sourceTree = "<group>"; };
		7909291C10317CBA00ECDD50 /* ArticleTests.h */ = {isa = PBXFileReference; fileEncoding = 4; lastKnownFileType = sourcecode.c.h; path = ArticleTests.h; sourceTree = "<group>"; };
		7909291D10317CBA00ECDD50 /* ArticleTests.m */ = {isa = PBXFileReference; fileEncoding = 4; lastKnownFileType = sourcecode.c.objc; path = ArticleTests.m; sourceTree = "<group>"; };
		79092B521031BC9F00ECDD50 /* BlogBridge 3.xcdatamodel */ = {isa = PBXFileReference; lastKnownFileType = wrapper.xcdatamodel; path = "BlogBridge 3.xcdatamodel"; sourceTree = "<group>"; };
		79092B5A1031BE0D00ECDD50 /* BlogBridge2-3.xcmappingmodel */ = {isa = PBXFileReference; fileEncoding = 4; lastKnownFileType = wrapper.xcmappingmodel; name = "BlogBridge2-3.xcmappingmodel"; path = "Resources/BlogBridge2-3.xcmappingmodel"; sourceTree = "<group>"; };
		790D4BDB102AEABF0091EA1B /* Default.png */ = {isa = PBXFileReference; lastKnownFileType = image.png; name = Default.png; path = Resources/Default.png; sourceTree = "<group>"; };
		7914E720102ACF5300D559D9 /* OPMLGuide.h */ = {isa = PBXFileReference; fileEncoding = 4; lastKnownFileType = sourcecode.c.h; name = OPMLGuide.h; path = OPML/OPMLGuide.h; sourceTree = "<group>"; };
		7914E721102ACF5300D559D9 /* OPMLGuide.m */ = {isa = PBXFileReference; fileEncoding = 4; lastKnownFileType = sourcecode.c.objc; name = OPMLGuide.m; path = OPML/OPMLGuide.m; sourceTree = "<group>"; };
		7914E723102AD0C700D559D9 /* OPMLFeed.h */ = {isa = PBXFileReference; fileEncoding = 4; lastKnownFileType = sourcecode.c.h; name = OPMLFeed.h; path = OPML/OPMLFeed.h; sourceTree = "<group>"; };
		7914E724102AD0C700D559D9 /* OPMLFeed.m */ = {isa = PBXFileReference; fileEncoding = 4; lastKnownFileType = sourcecode.c.objc; name = OPMLFeed.m; path = OPML/OPMLFeed.m; sourceTree = "<group>"; };
		7914E72C102AD23500D559D9 /* OPMLParser.h */ = {isa = PBXFileReference; fileEncoding = 4; lastKnownFileType = sourcecode.c.h; name = OPMLParser.h; path = OPML/OPMLParser.h; sourceTree = "<group>"; };
		7914E72D102AD23500D559D9 /* OPMLParser.m */ = {isa = PBXFileReference; fileEncoding = 4; lastKnownFileType = sourcecode.c.objc; name = OPMLParser.m; path = OPML/OPMLParser.m; sourceTree = "<group>"; };
		7953D8C5102C330F00E87B72 /* OPMLUpdater.h */ = {isa = PBXFileReference; fileEncoding = 4; lastKnownFileType = sourcecode.c.h; name = OPMLUpdater.h; path = OPML/OPMLUpdater.h; sourceTree = "<group>"; };
		7953D8C6102C330F00E87B72 /* OPMLUpdater.m */ = {isa = PBXFileReference; fileEncoding = 4; lastKnownFileType = sourcecode.c.objc; name = OPMLUpdater.m; path = OPML/OPMLUpdater.m; sourceTree = "<group>"; };
		7953D916102C371000E87B72 /* OPMLUpdaterTests.h */ = {isa = PBXFileReference; fileEncoding = 4; lastKnownFileType = sourcecode.c.h; path = OPMLUpdaterTests.h; sourceTree = "<group>"; };
		7953D917102C371000E87B72 /* OPMLUpdaterTests.m */ = {isa = PBXFileReference; fileEncoding = 4; lastKnownFileType = sourcecode.c.objc; path = OPMLUpdaterTests.m; sourceTree = "<group>"; };
		7953DB57102C71AF00E87B72 /* RSSItem.h */ = {isa = PBXFileReference; fileEncoding = 4; lastKnownFileType = sourcecode.c.h; path = RSSItem.h; sourceTree = "<group>"; };
		7953DB58102C71AF00E87B72 /* RSSItem.m */ = {isa = PBXFileReference; fileEncoding = 4; lastKnownFileType = sourcecode.c.objc; path = RSSItem.m; sourceTree = "<group>"; };
		7953DB5A102C724D00E87B72 /* RSSFeedParser.h */ = {isa = PBXFileReference; fileEncoding = 4; lastKnownFileType = sourcecode.c.h; path = RSSFeedParser.h; sourceTree = "<group>"; };
		7953DB5B102C724D00E87B72 /* RSSFeedParser.m */ = {isa = PBXFileReference; fileEncoding = 4; lastKnownFileType = sourcecode.c.objc; path = RSSFeedParser.m; sourceTree = "<group>"; };
		79545ECA102D6E33001D5F29 /* Constants.h */ = {isa = PBXFileReference; fileEncoding = 4; lastKnownFileType = sourcecode.c.h; path = Constants.h; sourceTree = "<group>"; };
		79545ECB102D6E33001D5F29 /* Constants.m */ = {isa = PBXFileReference; fileEncoding = 4; lastKnownFileType = sourcecode.c.objc; path = Constants.m; sourceTree = "<group>"; };
		7978AE151034104E00B2550B /* Icon.png */ = {isa = PBXFileReference; lastKnownFileType = image.png; name = Icon.png; path = Resources/Icon.png; sourceTree = "<group>"; };
		7978AE4B103413B600B2550B /* Reachability.h */ = {isa = PBXFileReference; fileEncoding = 4; lastKnownFileType = sourcecode.c.h; path = Reachability.h; sourceTree = "<group>"; };
		7978AE4C103413B600B2550B /* Reachability.m */ = {isa = PBXFileReference; fileEncoding = 4; lastKnownFileType = sourcecode.c.objc; path = Reachability.m; sourceTree = "<group>"; };
		7978AE9B103414B600B2550B /* SystemConfiguration.framework */ = {isa = PBXFileReference; lastKnownFileType = wrapper.framework; name = SystemConfiguration.framework; path = System/Library/Frameworks/SystemConfiguration.framework; sourceTree = SDKROOT; };
		7978AFBA1034369E00B2550B /* right.png */ = {isa = PBXFileReference; lastKnownFileType = image.png; name = right.png; path = Resources/right.png; sourceTree = "<group>"; };
		7978AFBB1034369E00B2550B /* left.png */ = {isa = PBXFileReference; lastKnownFileType = image.png; name = left.png; path = Resources/left.png; sourceTree = "<group>"; };
		79C0E2761029718F00A3D584 /* images */ = {isa = PBXFileReference; lastKnownFileType = folder; name = images; path = Resources/images; sourceTree = "<group>"; };
		79C0E28D1029733C00A3D584 /* Guide.h */ = {isa = PBXFileReference; fileEncoding = 4; lastKnownFileType = sourcecode.c.h; path = Guide.h; sourceTree = "<group>"; };
		79C0E28E1029733C00A3D584 /* Guide.m */ = {isa = PBXFileReference; fileEncoding = 4; lastKnownFileType = sourcecode.c.objc; path = Guide.m; sourceTree = "<group>"; };
		79C0E31C1029911C00A3D584 /* Article.h */ = {isa = PBXFileReference; fileEncoding = 4; lastKnownFileType = sourcecode.c.h; path = Article.h; sourceTree = "<group>"; };
		79C0E31D1029911C00A3D584 /* Article.m */ = {isa = PBXFileReference; fileEncoding = 4; lastKnownFileType = sourcecode.c.objc; path = Article.m; sourceTree = "<group>"; };
		79C0E3CB10299D1900A3D584 /* ArticleCell.h */ = {isa = PBXFileReference; fileEncoding = 4; lastKnownFileType = sourcecode.c.h; path = ArticleCell.h; sourceTree = "<group>"; };
		79C0E3CC10299D1900A3D584 /* ArticleCell.m */ = {isa = PBXFileReference; fileEncoding = 4; lastKnownFileType = sourcecode.c.objc; path = ArticleCell.m; sourceTree = "<group>"; };
		79C0E4AB1029A91200A3D584 /* BlogBridge.sqlite */ = {isa = PBXFileReference; lastKnownFileType = file; name = BlogBridge.sqlite; path = Resources/BlogBridge.sqlite; sourceTree = "<group>"; };
		79C0E4F61029ADD200A3D584 /* ArticleViewController.h */ = {isa = PBXFileReference; fileEncoding = 4; lastKnownFileType = sourcecode.c.h; path = ArticleViewController.h; sourceTree = "<group>"; };
		79C0E4F71029ADD200A3D584 /* ArticleViewController.m */ = {isa = PBXFileReference; fileEncoding = 4; lastKnownFileType = sourcecode.c.objc; path = ArticleViewController.m; sourceTree = "<group>"; };
		79C0E4F81029ADD200A3D584 /* ArticleViewController.xib */ = {isa = PBXFileReference; lastKnownFileType = file.xib; name = ArticleViewController.xib; path = Resources/ArticleViewController.xib; sourceTree = "<group>"; };
		79C0E5561029C66C00A3D584 /* GuidesTabController.h */ = {isa = PBXFileReference; fileEncoding = 4; lastKnownFileType = sourcecode.c.h; path = GuidesTabController.h; sourceTree = "<group>"; };
		79C0E5571029C66C00A3D584 /* GuidesTabController.m */ = {isa = PBXFileReference; fileEncoding = 4; lastKnownFileType = sourcecode.c.objc; path = GuidesTabController.m; sourceTree = "<group>"; };
		79C722A9102AC8E900F863AA /* Settings.bundle */ = {isa = PBXFileReference; lastKnownFileType = "wrapper.plug-in"; name = Settings.bundle; path = Resources/Settings.bundle; sourceTree = "<group>"; };
		79CE5D82102C981600D3E652 /* Cleaner.h */ = {isa = PBXFileReference; fileEncoding = 4; lastKnownFileType = sourcecode.c.h; path = Cleaner.h; sourceTree = "<group>"; };
		79CE5D83102C981600D3E652 /* Cleaner.m */ = {isa = PBXFileReference; fileEncoding = 4; lastKnownFileType = sourcecode.c.objc; path = Cleaner.m; sourceTree = "<group>"; };
		79DD627B10332EC800AC9EBD /* BBWebView.h */ = {isa = PBXFileReference; fileEncoding = 4; lastKnownFileType = sourcecode.c.h; path = BBWebView.h; sourceTree = "<group>"; };
		79DD627C10332EC800AC9EBD /* BBWebView.m */ = {isa = PBXFileReference; fileEncoding = 4; lastKnownFileType = sourcecode.c.objc; path = BBWebView.m; sourceTree = "<group>"; };
		79FDB86C102AF5C400AF94A2 /* OPMLParserTests.h */ = {isa = PBXFileReference; fileEncoding = 4; lastKnownFileType = sourcecode.c.h; path = OPMLParserTests.h; sourceTree = "<group>"; };
		79FDB86D102AF5C400AF94A2 /* OPMLParserTests.m */ = {isa = PBXFileReference; fileEncoding = 4; lastKnownFileType = sourcecode.c.objc; path = OPMLParserTests.m; sourceTree = "<group>"; };
		79FDB8EC102AFF5400AF94A2 /* LogicTests.octest */ = {isa = PBXFileReference; explicitFileType = wrapper.cfbundle; includeInIndex = 0; path = LogicTests.octest; sourceTree = BUILT_PRODUCTS_DIR; };
		79FDB8F0102AFF5400AF94A2 /* LogicTests-Info.plist */ = {isa = PBXFileReference; lastKnownFileType = text.plist.xml; name = "LogicTests-Info.plist"; path = "../LogicTests-Info.plist"; sourceTree = "<group>"; };
		79FDBAF8102B235700AF94A2 /* sample.opml */ = {isa = PBXFileReference; fileEncoding = 4; lastKnownFileType = text.xml; path = sample.opml; sourceTree = "<group>"; };
		8D1107310486CEB800E47090 /* BlogBridge-Info.plist */ = {isa = PBXFileReference; fileEncoding = 4; lastKnownFileType = text.plist.xml; path = "BlogBridge-Info.plist"; plistStructureDefinitionIdentifier = "com.apple.xcode.plist.structure-definition.iphone.info-plist"; sourceTree = "<group>"; };
/* End PBXFileReference section */

/* Begin PBXFrameworksBuildPhase section */
		1D60588F0D05DD3D006BFB54 /* Frameworks */ = {
			isa = PBXFrameworksBuildPhase;
			buildActionMask = 2147483647;
			files = (
				1D60589F0D05DD5A006BFB54 /* Foundation.framework in Frameworks */,
				1DF5F4E00D08C38300B7A737 /* UIKit.framework in Frameworks */,
				2892E4100DC94CBA00A64D0F /* CoreGraphics.framework in Frameworks */,
				28860BE50F44EE6400985440 /* CoreData.framework in Frameworks */,
				7978AE9C103414B600B2550B /* SystemConfiguration.framework in Frameworks */,
			);
			runOnlyForDeploymentPostprocessing = 0;
		};
		79FDB8E9102AFF5400AF94A2 /* Frameworks */ = {
			isa = PBXFrameworksBuildPhase;
			buildActionMask = 2147483647;
			files = (
				7953D996102C3F8800E87B72 /* CoreData.framework in Frameworks */,
				7953D997102C3F8A00E87B72 /* Foundation.framework in Frameworks */,
				7953D998102C3F8B00E87B72 /* UIKit.framework in Frameworks */,
				7953D999102C3F8C00E87B72 /* CoreGraphics.framework in Frameworks */,
				7978AEE910341CAF00B2550B /* SystemConfiguration.framework in Frameworks */,
			);
			runOnlyForDeploymentPostprocessing = 0;
		};
/* End PBXFrameworksBuildPhase section */

/* Begin PBXGroup section */
		080E96DDFE201D6D7F000001 /* Classes */ = {
			isa = PBXGroup;
			children = (
				79C0E4F21029AD6200A3D584 /* Controllers */,
				79C0E3C710299CF200A3D584 /* Views */,
				79C0E2851029724B00A3D584 /* Models */,
				79CE5D81102C97E500D3E652 /* Utils */,
				79545ECA102D6E33001D5F29 /* Constants.h */,
				79545ECB102D6E33001D5F29 /* Constants.m */,
			);
			path = Classes;
			sourceTree = "<group>";
		};
		19C28FACFE9D520D11CA2CBB /* Products */ = {
			isa = PBXGroup;
			children = (
				1D6058910D05DD3D006BFB54 /* BlogBridge.app */,
				79FDB8EC102AFF5400AF94A2 /* LogicTests.octest */,
			);
			name = Products;
			sourceTree = "<group>";
		};
		29B97314FDCFA39411CA2CEA /* CustomTemplate */ = {
			isa = PBXGroup;
			children = (
				080E96DDFE201D6D7F000001 /* Classes */,
				29B97315FDCFA39411CA2CEA /* Other Sources */,
				29B97317FDCFA39411CA2CEA /* Resources */,
				29B97323FDCFA39411CA2CEA /* Frameworks */,
				19C28FACFE9D520D11CA2CBB /* Products */,
				79FDB86B102AF5A000AF94A2 /* Tests */,
				79FDBAF7102B235700AF94A2 /* Test Resources */,
			);
			name = CustomTemplate;
			sourceTree = "<group>";
		};
		29B97315FDCFA39411CA2CEA /* Other Sources */ = {
			isa = PBXGroup;
			children = (
				28A0AAE50D9B0CCF005BE974 /* BlogBridge_Prefix.pch */,
				29B97316FDCFA39411CA2CEA /* main.m */,
			);
			name = "Other Sources";
			sourceTree = "<group>";
		};
		29B97317FDCFA39411CA2CEA /* Resources */ = {
			isa = PBXGroup;
			children = (
				79C0E2761029718F00A3D584 /* images */,
				7978AFBA1034369E00B2550B /* right.png */,
				7978AFBB1034369E00B2550B /* left.png */,
				7978AE151034104E00B2550B /* Icon.png */,
				790D4BDB102AEABF0091EA1B /* Default.png */,
				790927C110307B7700ECDD50 /* BlogBridge.xcdatamodeld */,
				28AD735F0D9D9599002E5188 /* MainWindow.xib */,
				79C0E4F81029ADD200A3D584 /* ArticleViewController.xib */,
				8D1107310486CEB800E47090 /* BlogBridge-Info.plist */,
				79C0E4AB1029A91200A3D584 /* BlogBridge.sqlite */,
				79C722A9102AC8E900F863AA /* Settings.bundle */,
				790927C710307BEA00ECDD50 /* BlogBridge1-2.xcmappingmodel */,
				79092B5A1031BE0D00ECDD50 /* BlogBridge2-3.xcmappingmodel */,
			);
			name = Resources;
			sourceTree = "<group>";
		};
		29B97323FDCFA39411CA2CEA /* Frameworks */ = {
			isa = PBXGroup;
			children = (
				7978AE9B103414B600B2550B /* SystemConfiguration.framework */,
				1DF5F4DF0D08C38300B7A737 /* UIKit.framework */,
				1D30AB110D05D00D00671497 /* Foundation.framework */,
				2892E40F0DC94CBA00A64D0F /* CoreGraphics.framework */,
				28860BE40F44EE6400985440 /* CoreData.framework */,
			);
			name = Frameworks;
			sourceTree = "<group>";
		};
		790923F3102FF29D00ECDD50 /* parsers */ = {
			isa = PBXGroup;
			children = (
				790923FC102FF42C00ECDD50 /* AbstractParser.h */,
				790923FD102FF42C00ECDD50 /* AbstractParser.m */,
				790924A2103001DE00ECDD50 /* Atom03Parser.h */,
				790924A3103001DE00ECDD50 /* Atom03Parser.m */,
				790924821030012800ECDD50 /* Atom10Parser.h */,
				790924831030012800ECDD50 /* Atom10Parser.m */,
				79092424102FFEB000ECDD50 /* RSS091Parser.h */,
				79092425102FFEB000ECDD50 /* RSS091Parser.m */,
				7909247A103000C700ECDD50 /* RSS10Parser.h */,
				7909247B103000C700ECDD50 /* RSS10Parser.m */,
				790924A61030020400ECDD50 /* RSS20Parser.h */,
				790924A71030020400ECDD50 /* RSS20Parser.m */,
			);
			name = parsers;
			sourceTree = "<group>";
		};
		7909256C103029CF00ECDD50 /* RSS */ = {
			isa = PBXGroup;
			children = (
				79092402102FFC0000ECDD50 /* RSSFeedParserTests.h */,
				79092403102FFC0000ECDD50 /* RSSFeedParserTests.m */,
				790924F210300B2800ECDD50 /* AbstractParserTests.h */,
				790924F310300B2800ECDD50 /* AbstractParserTests.m */,
				7909264E1030413E00ECDD50 /* RSSItemTests.h */,
				7909264F1030413E00ECDD50 /* RSSItemTests.m */,
			);
			name = RSS;
			sourceTree = "<group>";
		};
		7909291A10317C9700ECDD50 /* Models */ = {
			isa = PBXGroup;
			children = (
				7909291B10317CA600ECDD50 /* OPML */,
				7909256C103029CF00ECDD50 /* RSS */,
				7909291C10317CBA00ECDD50 /* ArticleTests.h */,
				7909291D10317CBA00ECDD50 /* ArticleTests.m */,
			);
			name = Models;
			sourceTree = "<group>";
		};
		7909291B10317CA600ECDD50 /* OPML */ = {
			isa = PBXGroup;
			children = (
				79FDB86C102AF5C400AF94A2 /* OPMLParserTests.h */,
				79FDB86D102AF5C400AF94A2 /* OPMLParserTests.m */,
				7953D916102C371000E87B72 /* OPMLUpdaterTests.h */,
				7953D917102C371000E87B72 /* OPMLUpdaterTests.m */,
			);
			name = OPML;
			sourceTree = "<group>";
		};
		7914E71F102ACF3300D559D9 /* OPML */ = {
			isa = PBXGroup;
			children = (
				7914E720102ACF5300D559D9 /* OPMLGuide.h */,
				7914E721102ACF5300D559D9 /* OPMLGuide.m */,
				7914E723102AD0C700D559D9 /* OPMLFeed.h */,
				7914E724102AD0C700D559D9 /* OPMLFeed.m */,
				7914E72C102AD23500D559D9 /* OPMLParser.h */,
				7914E72D102AD23500D559D9 /* OPMLParser.m */,
				7953D8C5102C330F00E87B72 /* OPMLUpdater.h */,
				7953D8C6102C330F00E87B72 /* OPMLUpdater.m */,
			);
			name = OPML;
			sourceTree = "<group>";
		};
		7953DB45102C6C7700E87B72 /* RSS */ = {
			isa = PBXGroup;
			children = (
				790923F3102FF29D00ECDD50 /* parsers */,
				7953DB57102C71AF00E87B72 /* RSSItem.h */,
				7953DB58102C71AF00E87B72 /* RSSItem.m */,
				7953DB5A102C724D00E87B72 /* RSSFeedParser.h */,
				7953DB5B102C724D00E87B72 /* RSSFeedParser.m */,
				7909273310305AA800ECDD50 /* RSSUpdater.h */,
				7909273410305AA800ECDD50 /* RSSUpdater.m */,
			);
			path = RSS;
			sourceTree = "<group>";
		};
		79C0E2851029724B00A3D584 /* Models */ = {
			isa = PBXGroup;
			children = (
				7953DB45102C6C7700E87B72 /* RSS */,
				7914E71F102ACF3300D559D9 /* OPML */,
				79C0E31C1029911C00A3D584 /* Article.h */,
				79C0E31D1029911C00A3D584 /* Article.m */,
				79C0E28D1029733C00A3D584 /* Guide.h */,
				79C0E28E1029733C00A3D584 /* Guide.m */,
			);
			path = Models;
			sourceTree = "<group>";
		};
		79C0E3C710299CF200A3D584 /* Views */ = {
			isa = PBXGroup;
			children = (
				79C0E3CB10299D1900A3D584 /* ArticleCell.h */,
				79C0E3CC10299D1900A3D584 /* ArticleCell.m */,
				79DD627B10332EC800AC9EBD /* BBWebView.h */,
				79DD627C10332EC800AC9EBD /* BBWebView.m */,
			);
			path = Views;
			sourceTree = "<group>";
		};
		79C0E4F21029AD6200A3D584 /* Controllers */ = {
			isa = PBXGroup;
			children = (
				1D3623240D0F684500981E51 /* BlogBridgeAppDelegate.h */,
				1D3623250D0F684500981E51 /* BlogBridgeAppDelegate.m */,
				28C286DF0D94DF7D0034E888 /* GuideViewController.h */,
				28C286E00D94DF7D0034E888 /* GuideViewController.m */,
				79C0E4F61029ADD200A3D584 /* ArticleViewController.h */,
				79C0E4F71029ADD200A3D584 /* ArticleViewController.m */,
				79C0E5561029C66C00A3D584 /* GuidesTabController.h */,
				79C0E5571029C66C00A3D584 /* GuidesTabController.m */,
			);
			path = Controllers;
			sourceTree = "<group>";
		};
		79CE5D81102C97E500D3E652 /* Utils */ = {
			isa = PBXGroup;
			children = (
				79CE5D82102C981600D3E652 /* Cleaner.h */,
				79CE5D83102C981600D3E652 /* Cleaner.m */,
				7978AE4B103413B600B2550B /* Reachability.h */,
				7978AE4C103413B600B2550B /* Reachability.m */,
			);
			path = Utils;
			sourceTree = "<group>";
		};
		79FDB86B102AF5A000AF94A2 /* Tests */ = {
			isa = PBXGroup;
			children = (
				7909291A10317C9700ECDD50 /* Models */,
			);
			path = Tests;
			sourceTree = "<group>";
		};
		79FDBAF7102B235700AF94A2 /* Test Resources */ = {
			isa = PBXGroup;
			children = (
				79FDBAF8102B235700AF94A2 /* sample.opml */,
				79FDB8F0102AFF5400AF94A2 /* LogicTests-Info.plist */,
				79092405102FFC8B00ECDD50 /* rss-0.91.xml */,
				790925AF10302E6300ECDD50 /* rss-0.92.xml */,
				790925BA10302F1C00ECDD50 /* rss-1.0.xml */,
				790925E61030351100ECDD50 /* rss-2.0-1.xml */,
				790926191030379900ECDD50 /* rss-2.0-2.xml */,
				7909262010303AB100ECDD50 /* atom-0.3.xml */,
				7909262810303C4800ECDD50 /* atom-1.0.xml */,
			);
			path = "Test Resources";
			sourceTree = "<group>";
		};
/* End PBXGroup section */

/* Begin PBXNativeTarget section */
		1D6058900D05DD3D006BFB54 /* BlogBridge */ = {
			isa = PBXNativeTarget;
			buildConfigurationList = 1D6058960D05DD3E006BFB54 /* Build configuration list for PBXNativeTarget "BlogBridge" */;
			buildPhases = (
				1D60588D0D05DD3D006BFB54 /* Resources */,
				1D60588E0D05DD3D006BFB54 /* Sources */,
				1D60588F0D05DD3D006BFB54 /* Frameworks */,
			);
			buildRules = (
			);
			dependencies = (
				79FDBA4A102B0E0B00AF94A2 /* PBXTargetDependency */,
			);
			name = BlogBridge;
			productName = BlogBridge;
			productReference = 1D6058910D05DD3D006BFB54 /* BlogBridge.app */;
			productType = "com.apple.product-type.application";
		};
		79FDB8EB102AFF5400AF94A2 /* LogicTests */ = {
			isa = PBXNativeTarget;
			buildConfigurationList = 79FDB8F3102AFF5500AF94A2 /* Build configuration list for PBXNativeTarget "LogicTests" */;
			buildPhases = (
				79FDB8E7102AFF5400AF94A2 /* Resources */,
				79FDB8E8102AFF5400AF94A2 /* Sources */,
				79FDB8E9102AFF5400AF94A2 /* Frameworks */,
				79FDB8EA102AFF5400AF94A2 /* ShellScript */,
			);
			buildRules = (
			);
			dependencies = (
			);
			name = LogicTests;
			productName = LogicTests;
			productReference = 79FDB8EC102AFF5400AF94A2 /* LogicTests.octest */;
			productType = "com.apple.product-type.bundle";
		};
/* End PBXNativeTarget section */

/* Begin PBXProject section */
		29B97313FDCFA39411CA2CEA /* Project object */ = {
			isa = PBXProject;
			buildConfigurationList = C01FCF4E08A954540054247B /* Build configuration list for PBXProject "BlogBridge" */;
			compatibilityVersion = "Xcode 3.1";
			hasScannedForEncodings = 1;
			knownRegions = (
				English,
				Japanese,
				French,
				German,
				en,
			);
			mainGroup = 29B97314FDCFA39411CA2CEA /* CustomTemplate */;
			projectDirPath = "";
			projectRoot = "";
			targets = (
				1D6058900D05DD3D006BFB54 /* BlogBridge */,
				79FDB8EB102AFF5400AF94A2 /* LogicTests */,
			);
		};
/* End PBXProject section */

/* Begin PBXResourcesBuildPhase section */
		1D60588D0D05DD3D006BFB54 /* Resources */ = {
			isa = PBXResourcesBuildPhase;
			buildActionMask = 2147483647;
			files = (
				28AD73600D9D9599002E5188 /* MainWindow.xib in Resources */,
				79C0E27A1029718F00A3D584 /* images in Resources */,
				79C0E4AC1029A91200A3D584 /* BlogBridge.sqlite in Resources */,
				79C0E4FA1029ADD200A3D584 /* ArticleViewController.xib in Resources */,
				79C722AA102AC8E900F863AA /* Settings.bundle in Resources */,
				790D4BDC102AEABF0091EA1B /* Default.png in Resources */,
				7978AE161034104E00B2550B /* Icon.png in Resources */,
				7978AFBC1034369E00B2550B /* right.png in Resources */,
				7978AFBD1034369E00B2550B /* left.png in Resources */,
			);
			runOnlyForDeploymentPostprocessing = 0;
		};
		79FDB8E7102AFF5400AF94A2 /* Resources */ = {
			isa = PBXResourcesBuildPhase;
			buildActionMask = 2147483647;
			files = (
				79FDBAF9102B235700AF94A2 /* sample.opml in Resources */,
				7953D9ED102C432000E87B72 /* LogicTests-Info.plist in Resources */,
				7953DA07102C440500E87B72 /* MainWindow.xib in Resources */,
				79092406102FFC8B00ECDD50 /* rss-0.91.xml in Resources */,
				790925B010302E6300ECDD50 /* rss-0.92.xml in Resources */,
				790925BB10302F1C00ECDD50 /* rss-1.0.xml in Resources */,
				790925E71030351100ECDD50 /* rss-2.0-1.xml in Resources */,
				7909261A1030379900ECDD50 /* rss-2.0-2.xml in Resources */,
				7909262110303AB100ECDD50 /* atom-0.3.xml in Resources */,
				7909262910303C4800ECDD50 /* atom-1.0.xml in Resources */,
			);
			runOnlyForDeploymentPostprocessing = 0;
		};
/* End PBXResourcesBuildPhase section */

/* Begin PBXShellScriptBuildPhase section */
		79FDB8EA102AFF5400AF94A2 /* ShellScript */ = {
			isa = PBXShellScriptBuildPhase;
			buildActionMask = 2147483647;
			files = (
			);
			inputPaths = (
			);
			outputPaths = (
			);
			runOnlyForDeploymentPostprocessing = 0;
			shellPath = /bin/sh;
			shellScript = "# Run the unit tests in this test bundle.\n\"${SYSTEM_DEVELOPER_DIR}/Tools/RunUnitTests\"\n";
		};
/* End PBXShellScriptBuildPhase section */

/* Begin PBXSourcesBuildPhase section */
		1D60588E0D05DD3D006BFB54 /* Sources */ = {
			isa = PBXSourcesBuildPhase;
			buildActionMask = 2147483647;
			files = (
				1D60589B0D05DD56006BFB54 /* main.m in Sources */,
				1D3623260D0F684500981E51 /* BlogBridgeAppDelegate.m in Sources */,
				28C286E10D94DF7D0034E888 /* GuideViewController.m in Sources */,
				79C0E28F1029733C00A3D584 /* Guide.m in Sources */,
				79C0E31E1029911C00A3D584 /* Article.m in Sources */,
				79C0E3CD10299D1900A3D584 /* ArticleCell.m in Sources */,
				79C0E4F91029ADD200A3D584 /* ArticleViewController.m in Sources */,
				79C0E5591029C66C00A3D584 /* GuidesTabController.m in Sources */,
				7914E722102ACF5300D559D9 /* OPMLGuide.m in Sources */,
				7914E725102AD0C700D559D9 /* OPMLFeed.m in Sources */,
				7914E72E102AD23500D559D9 /* OPMLParser.m in Sources */,
				7953D8C7102C330F00E87B72 /* OPMLUpdater.m in Sources */,
				7953DB59102C71AF00E87B72 /* RSSItem.m in Sources */,
				7953DB5C102C724D00E87B72 /* RSSFeedParser.m in Sources */,
				79CE5D84102C981600D3E652 /* Cleaner.m in Sources */,
				79545ECC102D6E33001D5F29 /* Constants.m in Sources */,
				790923FE102FF42C00ECDD50 /* AbstractParser.m in Sources */,
				79092427102FFEC300ECDD50 /* RSS091Parser.m in Sources */,
				7909247D103000C700ECDD50 /* RSS10Parser.m in Sources */,
				790924851030012800ECDD50 /* Atom10Parser.m in Sources */,
				790924A5103001DE00ECDD50 /* Atom03Parser.m in Sources */,
				790924A91030020400ECDD50 /* RSS20Parser.m in Sources */,
				7909273610305AA800ECDD50 /* RSSUpdater.m in Sources */,
				790927C210307B7700ECDD50 /* BlogBridge.xcdatamodeld in Sources */,
				790927C810307BEA00ECDD50 /* BlogBridge1-2.xcmappingmodel in Sources */,
				79092B5C1031BE0D00ECDD50 /* BlogBridge2-3.xcmappingmodel in Sources */,
				79DD627D10332EC800AC9EBD /* BBWebView.m in Sources */,
				7978AE4D103413B600B2550B /* Reachability.m in Sources */,
			);
			runOnlyForDeploymentPostprocessing = 0;
		};
		79FDB8E8102AFF5400AF94A2 /* Sources */ = {
			isa = PBXSourcesBuildPhase;
			buildActionMask = 2147483647;
			files = (
				79FDB8F6102AFF8300AF94A2 /* OPMLParserTests.m in Sources */,
				79FDBA75102B12E800AF94A2 /* OPMLParser.m in Sources */,
				79FDBA77102B12FC00AF94A2 /* OPMLFeed.m in Sources */,
				79FDBA79102B12FE00AF94A2 /* OPMLGuide.m in Sources */,
				7953D918102C371000E87B72 /* OPMLUpdaterTests.m in Sources */,
				7953D919102C38BC00E87B72 /* OPMLUpdater.m in Sources */,
				7953DA5D102C587300E87B72 /* Guide.m in Sources */,
				79CE5D88102CBA5300D3E652 /* Cleaner.m in Sources */,
				79545ECD102D6E33001D5F29 /* Constants.m in Sources */,
				790923FF102FF42C00ECDD50 /* AbstractParser.m in Sources */,
				79092404102FFC0000ECDD50 /* RSSFeedParserTests.m in Sources */,
				79092409102FFD6400ECDD50 /* RSSFeedParser.m in Sources */,
				7909240A102FFD6500ECDD50 /* RSSItem.m in Sources */,
				79092426102FFEB000ECDD50 /* RSS091Parser.m in Sources */,
				7909247C103000C700ECDD50 /* RSS10Parser.m in Sources */,
				790924841030012800ECDD50 /* Atom10Parser.m in Sources */,
				790924A4103001DE00ECDD50 /* Atom03Parser.m in Sources */,
				790924A81030020400ECDD50 /* RSS20Parser.m in Sources */,
				790924F410300B2800ECDD50 /* AbstractParserTests.m in Sources */,
				790926501030413E00ECDD50 /* RSSItemTests.m in Sources */,
				7909273510305AA800ECDD50 /* RSSUpdater.m in Sources */,
				7909291F10317CBA00ECDD50 /* ArticleTests.m in Sources */,
				7909292110317D1A00ECDD50 /* Article.m in Sources */,
				79092B5B1031BE0D00ECDD50 /* BlogBridge2-3.xcmappingmodel in Sources */,
				7978AEE710341CA000B2550B /* Reachability.m in Sources */,
			);
			runOnlyForDeploymentPostprocessing = 0;
		};
/* End PBXSourcesBuildPhase section */

/* Begin PBXTargetDependency section */
		79FDBA4A102B0E0B00AF94A2 /* PBXTargetDependency */ = {
			isa = PBXTargetDependency;
			target = 79FDB8EB102AFF5400AF94A2 /* LogicTests */;
			targetProxy = 79FDBA49102B0E0B00AF94A2 /* PBXContainerItemProxy */;
		};
/* End PBXTargetDependency section */

/* Begin XCBuildConfiguration section */
		1D6058940D05DD3E006BFB54 /* Debug */ = {
			isa = XCBuildConfiguration;
			buildSettings = {
				ALWAYS_SEARCH_USER_PATHS = NO;
				COPY_PHASE_STRIP = NO;
				GCC_DYNAMIC_NO_PIC = NO;
				GCC_OPTIMIZATION_LEVEL = 0;
				GCC_PRECOMPILE_PREFIX_HEADER = YES;
				GCC_PREFIX_HEADER = BlogBridge_Prefix.pch;
				INFOPLIST_FILE = "BlogBridge-Info.plist";
				PRODUCT_NAME = BlogBridge;
			};
			name = Debug;
		};
		1D6058950D05DD3E006BFB54 /* Release */ = {
			isa = XCBuildConfiguration;
			buildSettings = {
				ALWAYS_SEARCH_USER_PATHS = NO;
				COPY_PHASE_STRIP = YES;
				GCC_PRECOMPILE_PREFIX_HEADER = YES;
				GCC_PREFIX_HEADER = BlogBridge_Prefix.pch;
				INFOPLIST_FILE = "BlogBridge-Info.plist";
				PRODUCT_NAME = BlogBridge;
			};
			name = Release;
		};
		79FDB8F1102AFF5500AF94A2 /* Debug */ = {
			isa = XCBuildConfiguration;
			buildSettings = {
				ALWAYS_SEARCH_USER_PATHS = NO;
				COPY_PHASE_STRIP = NO;
				FRAMEWORK_SEARCH_PATHS = "$(DEVELOPER_LIBRARY_DIR)/Frameworks";
				GCC_DYNAMIC_NO_PIC = NO;
				GCC_ENABLE_FIX_AND_CONTINUE = NO;
				GCC_ENABLE_OBJC_EXCEPTIONS = YES;
				GCC_OPTIMIZATION_LEVEL = 0;
				INFOPLIST_FILE = "LogicTests-Info.plist";
				ONLY_ACTIVE_ARCH = YES;
				OTHER_LDFLAGS = (
					"-framework",
					Foundation,
					"-framework",
					SenTestingKit,
					"-framework",
					UIKit,
				);
				PREBINDING = NO;
				PRODUCT_NAME = LogicTests;
				SDKROOT = iphonesimulator3.0;
				WRAPPER_EXTENSION = octest;
			};
			name = Debug;
		};
		79FDB8F2102AFF5500AF94A2 /* Release */ = {
			isa = XCBuildConfiguration;
			buildSettings = {
				ALWAYS_SEARCH_USER_PATHS = NO;
				COPY_PHASE_STRIP = YES;
				DEBUG_INFORMATION_FORMAT = "dwarf-with-dsym";
				FRAMEWORK_SEARCH_PATHS = "$(DEVELOPER_LIBRARY_DIR)/Frameworks";
				GCC_ENABLE_FIX_AND_CONTINUE = NO;
				GCC_ENABLE_OBJC_EXCEPTIONS = YES;
				INFOPLIST_FILE = "LogicTests-Info.plist";
				ONLY_ACTIVE_ARCH = YES;
				OTHER_LDFLAGS = (
					"-framework",
					Foundation,
					"-framework",
					SenTestingKit,
					"-framework",
					UIKit,
				);
				PREBINDING = NO;
				PRODUCT_NAME = LogicTests;
				SDKROOT = iphonesimulator3.0;
				WRAPPER_EXTENSION = octest;
				ZERO_LINK = NO;
			};
			name = Release;
		};
		C01FCF4F08A954540054247B /* Debug */ = {
			isa = XCBuildConfiguration;
			buildSettings = {
				ARCHS = "$(ARCHS_STANDARD_32_BIT)";
				"CODE_SIGN_IDENTITY[sdk=iphoneos*]" = "iPhone Developer";
				GCC_C_LANGUAGE_STANDARD = c99;
				GCC_WARN_ABOUT_RETURN_TYPE = YES;
				GCC_WARN_UNUSED_VARIABLE = YES;
				PREBINDING = NO;
				SDKROOT = iphoneos3.0;
			};
			name = Debug;
		};
		C01FCF5008A954540054247B /* Release */ = {
			isa = XCBuildConfiguration;
			buildSettings = {
				ARCHS = "$(ARCHS_STANDARD_32_BIT)";
				"CODE_SIGN_IDENTITY[sdk=iphoneos*]" = "iPhone Developer";
				GCC_C_LANGUAGE_STANDARD = c99;
				GCC_WARN_ABOUT_RETURN_TYPE = YES;
				GCC_WARN_UNUSED_VARIABLE = YES;
				PREBINDING = NO;
				SDKROOT = iphoneos3.0;
			};
			name = Release;
		};
/* End XCBuildConfiguration section */

/* Begin XCConfigurationList section */
		1D6058960D05DD3E006BFB54 /* Build configuration list for PBXNativeTarget "BlogBridge" */ = {
			isa = XCConfigurationList;
			buildConfigurations = (
				1D6058940D05DD3E006BFB54 /* Debug */,
				1D6058950D05DD3E006BFB54 /* Release */,
			);
			defaultConfigurationIsVisible = 0;
			defaultConfigurationName = Release;
		};
		79FDB8F3102AFF5500AF94A2 /* Build configuration list for PBXNativeTarget "LogicTests" */ = {
			isa = XCConfigurationList;
			buildConfigurations = (
				79FDB8F1102AFF5500AF94A2 /* Debug */,
				79FDB8F2102AFF5500AF94A2 /* Release */,
			);
			defaultConfigurationIsVisible = 0;
			defaultConfigurationName = Release;
		};
		C01FCF4E08A954540054247B /* Build configuration list for PBXProject "BlogBridge" */ = {
			isa = XCConfigurationList;
			buildConfigurations = (
				C01FCF4F08A954540054247B /* Debug */,
				C01FCF5008A954540054247B /* Release */,
			);
			defaultConfigurationIsVisible = 0;
			defaultConfigurationName = Release;
		};
/* End XCConfigurationList section */

/* Begin XCVersionGroup section */
		790927C110307B7700ECDD50 /* BlogBridge.xcdatamodeld */ = {
			isa = XCVersionGroup;
			children = (
				790927AF103078E700ECDD50 /* BlogBridge.xcdatamodel */,
				790927C310307B7700ECDD50 /* BlogBridge 2.xcdatamodel */,
				79092B521031BC9F00ECDD50 /* BlogBridge 3.xcdatamodel */,
			);
			currentVersion = 79092B521031BC9F00ECDD50 /* BlogBridge 3.xcdatamodel */;
			name = BlogBridge.xcdatamodeld;
			path = Resources/BlogBridge.xcdatamodeld;
			sourceTree = "<group>";
			versionGroupType = wrapper.xcdatamodel;
		};
/* End XCVersionGroup section */
	};
	rootObject = 29B97313FDCFA39411CA2CEA /* Project object */;
}
